{
  "name": "node-red-contrib-simplecomm-node",
  "version": "1.0.0",
  "lockfileVersion": 1,
  "requires": true,
  "dependencies": {
    "github": {
      "version": "14.0.0",
      "resolved": "https://registry.npmjs.org/github/-/github-14.0.0.tgz",
      "integrity": "sha512-34/VqwhYGeYN0VHBSH49TmRWMF7emy32qjK6POiW47T/QI2u/cpuKsmrWt7a218ew/73dF4dQSJE68/HXdNfPw=="
    },
    "simplecomm": {
      "version": "git://github.com/IndustrialShields/node-simplecomm.git#f7d9047718f29d30ef72330c29d6d0b219cefab2"
    }
  }
}
